# This file was autogenerated by uv via the following command:
#    uv pip compile --python C:\Users\JI YANCHEN\Desktop\ai_trading_playground\ai_env\python.exe --constraint .uv-cache\ai_env-existing-constraints.txt --output-file backend\requirements.lock backend\requirements.in
alembic==1.15.2
    # via -r backend/requirements.in
annotated-doc==0.0.4
    # via
    #   -c .uv-cache/ai_env-existing-constraints.txt
    #   fastapi
annotated-types==0.7.0
    # via
    #   -c .uv-cache/ai_env-existing-constraints.txt
    #   pydantic
anyio==4.13.0
    # via
    #   -c .uv-cache/ai_env-existing-constraints.txt
    #   httpx
    #   starlette
    #   watchfiles
argon2-cffi==25.1.0
    # via
    #   -c .uv-cache/ai_env-existing-constraints.txt
    #   pwdlib
argon2-cffi-bindings==25.1.0
    # via
    #   -c .uv-cache/ai_env-existing-constraints.txt
    #   argon2-cffi
certifi==2026.5.20
    # via
    #   -c .uv-cache/ai_env-existing-constraints.txt
    #   httpcore
    #   httpx
cffi==2.0.0
    # via
    #   -c .uv-cache/ai_env-existing-constraints.txt
    #   argon2-cffi-bindings
    #   cryptography
click==8.4.1
    # via
    #   -c .uv-cache/ai_env-existing-constraints.txt
    #   uvicorn
colorama==0.4.6
    # via
    #   -c .uv-cache/ai_env-existing-constraints.txt
    #   click
    #   pytest
    #   uvicorn
coverage==7.15.4
    # via pytest-cov
cryptography==48.0.0
    # via
    #   -c .uv-cache/ai_env-existing-constraints.txt
    #   pyjwt
exceptiongroup==1.3.1
    # via
    #   -c .uv-cache/ai_env-existing-constraints.txt
    #   anyio
    #   pytest
fastapi==0.136.3
    # via
    #   -c .uv-cache/ai_env-existing-constraints.txt
    #   -r backend/requirements.in
greenlet==3.5.1
    # via
    #   -c .uv-cache/ai_env-existing-constraints.txt
    #   sqlalchemy
h11==0.16.0
    # via
    #   -c .uv-cache/ai_env-existing-constraints.txt
    #   httpcore
    #   uvicorn
httpcore==1.0.9
    # via
    #   -c .uv-cache/ai_env-existing-constraints.txt
    #   httpx
httptools==0.8.0
    # via
    #   -c .uv-cache/ai_env-existing-constraints.txt
    #   uvicorn
httpx==0.28.1
    # via
    #   -c .uv-cache/ai_env-existing-constraints.txt
    #   -r backend/requirements.in
idna==3.18
    # via
    #   -c .uv-cache/ai_env-existing-constraints.txt
    #   anyio
    #   httpx
iniconfig==2.3.0
    # via pytest
mako==1.4.1
    # via alembic
markupsafe==3.0.3
    # via
    #   -c .uv-cache/ai_env-existing-constraints.txt
    #   mako
mypy==1.15.0
    # via -r backend/requirements.in
mypy-extensions==1.1.0
    # via mypy
packaging==26.2
    # via
    #   -c .uv-cache/ai_env-existing-constraints.txt
    #   pytest
pluggy==1.6.0
    # via pytest
psycopg==3.2.6
    # via -r backend/requirements.in
psycopg-binary==3.2.6
    # via psycopg
pwdlib==0.3.0
    # via -r backend/requirements.in
pycparser==3.0
    # via
    #   -c .uv-cache/ai_env-existing-constraints.txt
    #   cffi
pydantic==2.13.4
    # via
    #   -c .uv-cache/ai_env-existing-constraints.txt
    #   fastapi
    #   pydantic-settings
pydantic-core==2.46.4
    # via
    #   -c .uv-cache/ai_env-existing-constraints.txt
    #   pydantic
pydantic-settings==2.7.1
    # via -r backend/requirements.in
pyjwt==2.10.1
    # via -r backend/requirements.in
pytest==8.3.5
    # via
    #   -r backend/requirements.in
    #   pytest-asyncio
    #   pytest-cov
pytest-asyncio==0.25.3
    # via -r backend/requirements.in
pytest-cov==6.0.0
    # via -r backend/requirements.in
python-dotenv==1.2.2
    # via
    #   -c .uv-cache/ai_env-existing-constraints.txt
    #   pydantic-settings
    #   uvicorn
pyyaml==6.0.3
    # via
    #   -c .uv-cache/ai_env-existing-constraints.txt
    #   uvicorn
ruff==0.9.10
    # via -r backend/requirements.in
sqlalchemy==2.0.50
    # via
    #   -c .uv-cache/ai_env-existing-constraints.txt
    #   -r backend/requirements.in
    #   alembic
starlette==1.2.1
    # via
    #   -c .uv-cache/ai_env-existing-constraints.txt
    #   fastapi
tomli==2.4.1
    # via
    #   -c .uv-cache/ai_env-existing-constraints.txt
    #   coverage
    #   mypy
    #   pytest
typing-extensions==4.15.0
    # via
    #   -c .uv-cache/ai_env-existing-constraints.txt
    #   alembic
    #   anyio
    #   cryptography
    #   exceptiongroup
    #   fastapi
    #   mypy
    #   psycopg
    #   pydantic
    #   pydantic-core
    #   sqlalchemy
    #   starlette
    #   typing-inspection
    #   uvicorn
typing-inspection==0.4.2
    # via
    #   -c .uv-cache/ai_env-existing-constraints.txt
    #   fastapi
    #   pydantic
tzdata==2026.2
    # via
    #   -c .uv-cache/ai_env-existing-constraints.txt
    #   psycopg
uvicorn==0.49.0
    # via
    #   -c .uv-cache/ai_env-existing-constraints.txt
    #   -r backend/requirements.in
watchfiles==1.2.0
    # via
    #   -c .uv-cache/ai_env-existing-constraints.txt
    #   uvicorn
websockets==15.0.1
    # via
    #   -c .uv-cache/ai_env-existing-constraints.txt
    #   uvicorn
